// !$*UTF8*$!
{
	archiveVersion = 1;
	classes = {
	};
	objectVersion = 48;
	objects = {

/* Begin PBXBuildFile section */
		32D88371EB005295FBC03D55 /* Pods_DiabetesMUTests.framework in Frameworks */ = {isa = PBXBuildFile; fileRef = A783794E8A8723C4A482BCC1 /* Pods_DiabetesMUTests.framework */; };
		7158F5B42021A50000834143 /* GoogleService-Info.plist in Resources */ = {isa = PBXBuildFile; fileRef = 7158F5B32021A4FF00834143 /* GoogleService-Info.plist */; };
		7158F5BA2021A6DA00834143 /* Charts.framework in Frameworks */ = {isa = PBXBuildFile; fileRef = 71336504201FD82E00C1B742 /* Charts.framework */; };
		7158F5BB2021A6DA00834143 /* Charts.framework in Embed Frameworks */ = {isa = PBXBuildFile; fileRef = 71336504201FD82E00C1B742 /* Charts.framework */; settings = {ATTRIBUTES = (CodeSignOnCopy, RemoveHeadersOnCopy, ); }; };
		7158F5C1202236BC00834143 /* MoodViewController.swift in Sources */ = {isa = PBXBuildFile; fileRef = 7158F5C0202236BC00834143 /* MoodViewController.swift */; };
		7158F5C420224E8B00834143 /* StepObj.swift in Sources */ = {isa = PBXBuildFile; fileRef = 7158F5C220224E8B00834143 /* StepObj.swift */; };
		7158F5C520224E8B00834143 /* SurveyObj.swift in Sources */ = {isa = PBXBuildFile; fileRef = 7158F5C320224E8B00834143 /* SurveyObj.swift */; };
		71786D0320183F1200613CD1 /* AppDelegate.swift in Sources */ = {isa = PBXBuildFile; fileRef = 71786D0220183F1200613CD1 /* AppDelegate.swift */; };
		71786D0720183F1200613CD1 /* SettingsViewController.swift in Sources */ = {isa = PBXBuildFile; fileRef = 71786D0620183F1200613CD1 /* SettingsViewController.swift */; };
		71786D0A20183F1200613CD1 /* Main.storyboard in Resources */ = {isa = PBXBuildFile; fileRef = 71786D0820183F1200613CD1 /* Main.storyboard */; };
		71786D0C20183F1200613CD1 /* Assets.xcassets in Resources */ = {isa = PBXBuildFile; fileRef = 71786D0B20183F1200613CD1 /* Assets.xcassets */; };
		71786D0F20183F1200613CD1 /* LaunchScreen.storyboard in Resources */ = {isa = PBXBuildFile; fileRef = 71786D0D20183F1200613CD1 /* LaunchScreen.storyboard */; };
		71786D1A20183F1200613CD1 /* DiabetesMUTests.swift in Sources */ = {isa = PBXBuildFile; fileRef = 71786D1920183F1200613CD1 /* DiabetesMUTests.swift */; };
		71786D2520183F1200613CD1 /* DiabetesMUUITests.swift in Sources */ = {isa = PBXBuildFile; fileRef = 71786D2420183F1200613CD1 /* DiabetesMUUITests.swift */; };
		71790B972018439A009799FD /* TableViewController.swift in Sources */ = {isa = PBXBuildFile; fileRef = 71790B962018439A009799FD /* TableViewController.swift */; };
		71790BE0201FB9FB009799FD /* ResearchKit.framework in Frameworks */ = {isa = PBXBuildFile; fileRef = 71790BDD201FB9EA009799FD /* ResearchKit.framework */; };
		71790BE1201FB9FB009799FD /* ResearchKit.framework in Embed Frameworks */ = {isa = PBXBuildFile; fileRef = 71790BDD201FB9EA009799FD /* ResearchKit.framework */; settings = {ATTRIBUTES = (CodeSignOnCopy, RemoveHeadersOnCopy, ); }; };
		71790BE5201FBEBA009799FD /* SurveyTableViewController.swift in Sources */ = {isa = PBXBuildFile; fileRef = 71790BE4201FBEBA009799FD /* SurveyTableViewController.swift */; };
		71790BE9201FC73D009799FD /* ChartViewController.swift in Sources */ = {isa = PBXBuildFile; fileRef = 71790BE8201FC73D009799FD /* ChartViewController.swift */; };
		90776DCFDAFF6B82806506E3 /* Pods_DiabetesMU.framework in Frameworks */ = {isa = PBXBuildFile; fileRef = 92E0F5099A19760DAB4EC3A8 /* Pods_DiabetesMU.framework */; };
		AA14A52923FCF116EC2608E4 /* Pods_DiabetesMUUITests.framework in Frameworks */ = {isa = PBXBuildFile; fileRef = 4EF4BF111F58B067B63E07F7 /* Pods_DiabetesMUUITests.framework */; };
/* End PBXBuildFile section */

/* Begin PBXContainerItemProxy section */
		71336503201FD82E00C1B742 /* PBXContainerItemProxy */ = {
			isa = PBXContainerItemProxy;
			containerPortal = 713364FE201FD82D00C1B742 /* Charts.xcodeproj */;
			proxyType = 2;
			remoteGlobalIDString = 65AD9E95D9ED4DC0BD73A743;
			remoteInfo = Charts;
		};
		71336505201FD82E00C1B742 /* PBXContainerItemProxy */ = {
			isa = PBXContainerItemProxy;
			containerPortal = 713364FE201FD82D00C1B742 /* Charts.xcodeproj */;
			proxyType = 2;
			remoteGlobalIDString = 1CBBC58C6CE1EBEE9852CE41;
			remoteInfo = ChartsTests;
		};
		7158F5BC2021A6DA00834143 /* PBXContainerItemProxy */ = {
			isa = PBXContainerItemProxy;
			containerPortal = 713364FE201FD82D00C1B742 /* Charts.xcodeproj */;
			proxyType = 1;
			remoteGlobalIDString = A58A4ED274A941CA248EA921;
			remoteInfo = Charts;
		};
		71786D1620183F1200613CD1 /* PBXContainerItemProxy */ = {
			isa = PBXContainerItemProxy;
			containerPortal = 71786CF720183F1200613CD1 /* Project object */;
			proxyType = 1;
			remoteGlobalIDString = 71786CFE20183F1200613CD1;
			remoteInfo = DiabetesMU;
		};
		71786D2120183F1200613CD1 /* PBXContainerItemProxy */ = {
			isa = PBXContainerItemProxy;
			containerPortal = 71786CF720183F1200613CD1 /* Project object */;
			proxyType = 1;
			remoteGlobalIDString = 71786CFE20183F1200613CD1;
			remoteInfo = DiabetesMU;
		};
		71790BDC201FB9EA009799FD /* PBXContainerItemProxy */ = {
			isa = PBXContainerItemProxy;
			containerPortal = 71790BD6201FB9E9009799FD /* ResearchKit.xcodeproj */;
			proxyType = 2;
			remoteGlobalIDString = B183A5951A8535D100C76870;
			remoteInfo = ResearchKit;
		};
		71790BDE201FB9EA009799FD /* PBXContainerItemProxy */ = {
			isa = PBXContainerItemProxy;
			containerPortal = 71790BD6201FB9E9009799FD /* ResearchKit.xcodeproj */;
			proxyType = 2;
			remoteGlobalIDString = 86CC8E9A1AC09332001CCD89;
			remoteInfo = ResearchKitTests;
		};
		71790BE2201FB9FB009799FD /* PBXContainerItemProxy */ = {
			isa = PBXContainerItemProxy;
			containerPortal = 71790BD6201FB9E9009799FD /* ResearchKit.xcodeproj */;
			proxyType = 1;
			remoteGlobalIDString = B183A4731A8535D100C76870;
			remoteInfo = ResearchKit;
		};
/* End PBXContainerItemProxy section */

/* Begin PBXCopyFilesBuildPhase section */
		71790BB2201FB421009799FD /* Embed Frameworks */ = {
			isa = PBXCopyFilesBuildPhase;
			buildActionMask = 2147483647;
			dstPath = "";
			dstSubfolderSpec = 10;
			files = (
				71790BE1201FB9FB009799FD /* ResearchKit.framework in Embed Frameworks */,
				7158F5BB2021A6DA00834143 /* Charts.framework in Embed Frameworks */,
			);
			name = "Embed Frameworks";
			runOnlyForDeploymentPostprocessing = 0;
		};
/* End PBXCopyFilesBuildPhase section */

/* Begin PBXFileReference section */
		158230F25EFBE6D8FC5124F8 /* Pods-DiabetesMU.release.xcconfig */ = {isa = PBXFileReference; includeInIndex = 1; lastKnownFileType = text.xcconfig; name = "Pods-DiabetesMU.release.xcconfig"; path = "Pods/Target Support Files/Pods-DiabetesMU/Pods-DiabetesMU.release.xcconfig"; sourceTree = "<group>"; };
		4A0BFBEC01E86797D303298A /* Pods-DiabetesMU.debug.xcconfig */ = {isa = PBXFileReference; includeInIndex = 1; lastKnownFileType = text.xcconfig; name = "Pods-DiabetesMU.debug.xcconfig"; path = "Pods/Target Support Files/Pods-DiabetesMU/Pods-DiabetesMU.debug.xcconfig"; sourceTree = "<group>"; };
		4EF4BF111F58B067B63E07F7 /* Pods_DiabetesMUUITests.framework */ = {isa = PBXFileReference; explicitFileType = wrapper.framework; includeInIndex = 0; path = Pods_DiabetesMUUITests.framework; sourceTree = BUILT_PRODUCTS_DIR; };
		713364FE201FD82D00C1B742 /* Charts.xcodeproj */ = {isa = PBXFileReference; lastKnownFileType = "wrapper.pb-project"; name = Charts.xcodeproj; path = "../Charts-master/Charts.xcodeproj"; sourceTree = "<group>"; };
		7158F5B32021A4FF00834143 /* GoogleService-Info.plist */ = {isa = PBXFileReference; fileEncoding = 4; lastKnownFileType = text.plist.xml; path = "GoogleService-Info.plist"; sourceTree = "<group>"; };
		7158F5C0202236BC00834143 /* MoodViewController.swift */ = {isa = PBXFileReference; lastKnownFileType = sourcecode.swift; path = MoodViewController.swift; sourceTree = "<group>"; };
		7158F5C220224E8B00834143 /* StepObj.swift */ = {isa = PBXFileReference; fileEncoding = 4; lastKnownFileType = sourcecode.swift; path = StepObj.swift; sourceTree = "<group>"; };
		7158F5C320224E8B00834143 /* SurveyObj.swift */ = {isa = PBXFileReference; fileEncoding = 4; lastKnownFileType = sourcecode.swift; name = SurveyObj.swift; path = "../../../Pulse-Will/Pulse2/SurveyObj.swift"; sourceTree = "<group>"; };
		71786CFF20183F1200613CD1 /* DiabetesMU.app */ = {isa = PBXFileReference; explicitFileType = wrapper.application; includeInIndex = 0; path = DiabetesMU.app; sourceTree = BUILT_PRODUCTS_DIR; };
		71786D0220183F1200613CD1 /* AppDelegate.swift */ = {isa = PBXFileReference; lastKnownFileType = sourcecode.swift; path = AppDelegate.swift; sourceTree = "<group>"; };
		71786D0620183F1200613CD1 /* SettingsViewController.swift */ = {isa = PBXFileReference; lastKnownFileType = sourcecode.swift; path = SettingsViewController.swift; sourceTree = "<group>"; };
		71786D0920183F1200613CD1 /* Base */ = {isa = PBXFileReference; lastKnownFileType = file.storyboard; name = Base; path = Base.lproj/Main.storyboard; sourceTree = "<group>"; };
		71786D0B20183F1200613CD1 /* Assets.xcassets */ = {isa = PBXFileReference; lastKnownFileType = folder.assetcatalog; path = Assets.xcassets; sourceTree = "<group>"; };
		71786D0E20183F1200613CD1 /* Base */ = {isa = PBXFileReference; lastKnownFileType = file.storyboard; name = Base; path = Base.lproj/LaunchScreen.storyboard; sourceTree = "<group>"; };
		71786D1020183F1200613CD1 /* Info.plist */ = {isa = PBXFileReference; lastKnownFileType = text.plist.xml; path = Info.plist; sourceTree = "<group>"; };
		71786D1520183F1200613CD1 /* DiabetesMUTests.xctest */ = {isa = PBXFileReference; explicitFileType = wrapper.cfbundle; includeInIndex = 0; path = DiabetesMUTests.xctest; sourceTree = BUILT_PRODUCTS_DIR; };
		71786D1920183F1200613CD1 /* DiabetesMUTests.swift */ = {isa = PBXFileReference; lastKnownFileType = sourcecode.swift; path = DiabetesMUTests.swift; sourceTree = "<group>"; };
		71786D1B20183F1200613CD1 /* Info.plist */ = {isa = PBXFileReference; lastKnownFileType = text.plist.xml; path = Info.plist; sourceTree = "<group>"; };
		71786D2020183F1200613CD1 /* DiabetesMUUITests.xctest */ = {isa = PBXFileReference; explicitFileType = wrapper.cfbundle; includeInIndex = 0; path = DiabetesMUUITests.xctest; sourceTree = BUILT_PRODUCTS_DIR; };
		71786D2420183F1200613CD1 /* DiabetesMUUITests.swift */ = {isa = PBXFileReference; lastKnownFileType = sourcecode.swift; path = DiabetesMUUITests.swift; sourceTree = "<group>"; };
		71786D2620183F1200613CD1 /* Info.plist */ = {isa = PBXFileReference; lastKnownFileType = text.plist.xml; path = Info.plist; sourceTree = "<group>"; };
		71790B962018439A009799FD /* TableViewController.swift */ = {isa = PBXFileReference; lastKnownFileType = sourcecode.swift; path = TableViewController.swift; sourceTree = "<group>"; };
		71790BD6201FB9E9009799FD /* ResearchKit.xcodeproj */ = {isa = PBXFileReference; lastKnownFileType = "wrapper.pb-project"; name = ResearchKit.xcodeproj; path = "../ResearchKit-master/ResearchKit.xcodeproj"; sourceTree = "<group>"; };
		71790BE4201FBEBA009799FD /* SurveyTableViewController.swift */ = {isa = PBXFileReference; lastKnownFileType = sourcecode.swift; path = SurveyTableViewController.swift; sourceTree = "<group>"; };
		71790BE8201FC73D009799FD /* ChartViewController.swift */ = {isa = PBXFileReference; lastKnownFileType = sourcecode.swift; path = ChartViewController.swift; sourceTree = "<group>"; };
		7264D8B91350E84F2B91344E /* Pods-DiabetesMUUITests.release.xcconfig */ = {isa = PBXFileReference; includeInIndex = 1; lastKnownFileType = text.xcconfig; name = "Pods-DiabetesMUUITests.release.xcconfig"; path = "Pods/Target Support Files/Pods-DiabetesMUUITests/Pods-DiabetesMUUITests.release.xcconfig"; sourceTree = "<group>"; };
		92E0F5099A19760DAB4EC3A8 /* Pods_DiabetesMU.framework */ = {isa = PBXFileReference; explicitFileType = wrapper.framework; includeInIndex = 0; path = Pods_DiabetesMU.framework; sourceTree = BUILT_PRODUCTS_DIR; };
		9AC2C2F35B9214DAF1358AD4 /* Pods-DiabetesMUUITests.debug.xcconfig */ = {isa = PBXFileReference; includeInIndex = 1; lastKnownFileType = text.xcconfig; name = "Pods-DiabetesMUUITests.debug.xcconfig"; path = "Pods/Target Support Files/Pods-DiabetesMUUITests/Pods-DiabetesMUUITests.debug.xcconfig"; sourceTree = "<group>"; };
		A783794E8A8723C4A482BCC1 /* Pods_DiabetesMUTests.framework */ = {isa = PBXFileReference; explicitFileType = wrapper.framework; includeInIndex = 0; path = Pods_DiabetesMUTests.framework; sourceTree = BUILT_PRODUCTS_DIR; };
		B33D1B30D941C2801607452A /* Pods-DiabetesMUTests.debug.xcconfig */ = {isa = PBXFileReference; includeInIndex = 1; lastKnownFileType = text.xcconfig; name = "Pods-DiabetesMUTests.debug.xcconfig"; path = "Pods/Target Support Files/Pods-DiabetesMUTests/Pods-DiabetesMUTests.debug.xcconfig"; sourceTree = "<group>"; };
		C8D8429A0CE5AB1BED5C6C6A /* Pods-DiabetesMUTests.release.xcconfig */ = {isa = PBXFileReference; includeInIndex = 1; lastKnownFileType = text.xcconfig; name = "Pods-DiabetesMUTests.release.xcconfig"; path = "Pods/Target Support Files/Pods-DiabetesMUTests/Pods-DiabetesMUTests.release.xcconfig"; sourceTree = "<group>"; };
/* End PBXFileReference section */

/* Begin PBXFrameworksBuildPhase section */
		71786CFC20183F1200613CD1 /* Frameworks */ = {
			isa = PBXFrameworksBuildPhase;
			buildActionMask = 2147483647;
			files = (
				7158F5BA2021A6DA00834143 /* Charts.framework in Frameworks */,
				90776DCFDAFF6B82806506E3 /* Pods_DiabetesMU.framework in Frameworks */,
				71790BE0201FB9FB009799FD /* ResearchKit.framework in Frameworks */,
			);
			runOnlyForDeploymentPostprocessing = 0;
		};
		71786D1220183F1200613CD1 /* Frameworks */ = {
			isa = PBXFrameworksBuildPhase;
			buildActionMask = 2147483647;
			files = (
				32D88371EB005295FBC03D55 /* Pods_DiabetesMUTests.framework in Frameworks */,
			);
			runOnlyForDeploymentPostprocessing = 0;
		};
		71786D1D20183F1200613CD1 /* Frameworks */ = {
			isa = PBXFrameworksBuildPhase;
			buildActionMask = 2147483647;
			files = (
				AA14A52923FCF116EC2608E4 /* Pods_DiabetesMUUITests.framework in Frameworks */,
			);
			runOnlyForDeploymentPostprocessing = 0;
		};
/* End PBXFrameworksBuildPhase section */

/* Begin PBXGroup section */
		713364FF201FD82D00C1B742 /* Products */ = {
			isa = PBXGroup;
			children = (
				71336504201FD82E00C1B742 /* Charts.framework */,
				71336506201FD82E00C1B742 /* ChartsTests.xctest */,
			);
			name = Products;
			sourceTree = "<group>";
		};
		71786CF620183F1200613CD1 = {
			isa = PBXGroup;
			children = (
				713364FE201FD82D00C1B742 /* Charts.xcodeproj */,
				71790BD6201FB9E9009799FD /* ResearchKit.xcodeproj */,
				71786D0120183F1200613CD1 /* DiabetesMU */,
				71786D1820183F1200613CD1 /* DiabetesMUTests */,
				71786D2320183F1200613CD1 /* DiabetesMUUITests */,
				71786D0020183F1200613CD1 /* Products */,
				AF7F2F2C5F1585B217568872 /* Pods */,
				F91C325877464FA4128267B0 /* Frameworks */,
			);
			sourceTree = "<group>";
		};
		71786D0020183F1200613CD1 /* Products */ = {
			isa = PBXGroup;
			children = (
				71786CFF20183F1200613CD1 /* DiabetesMU.app */,
				71786D1520183F1200613CD1 /* DiabetesMUTests.xctest */,
				71786D2020183F1200613CD1 /* DiabetesMUUITests.xctest */,
			);
			name = Products;
			sourceTree = "<group>";
		};
		71786D0120183F1200613CD1 /* DiabetesMU */ = {
			isa = PBXGroup;
			children = (
				71790BD3201FB8FF009799FD /* model */,
				71790BC9201FB5A6009799FD /* controller */,
				71786D0220183F1200613CD1 /* AppDelegate.swift */,
				71786D0620183F1200613CD1 /* SettingsViewController.swift */,
				71790B962018439A009799FD /* TableViewController.swift */,
				71790BE8201FC73D009799FD /* ChartViewController.swift */,
				71786D0820183F1200613CD1 /* Main.storyboard */,
				7158F5C0202236BC00834143 /* MoodViewController.swift */,
				71786D0B20183F1200613CD1 /* Assets.xcassets */,
				71786D0D20183F1200613CD1 /* LaunchScreen.storyboard */,
				7158F5B32021A4FF00834143 /* GoogleService-Info.plist */,
				71786D1020183F1200613CD1 /* Info.plist */,
			);
			path = DiabetesMU;
			sourceTree = "<group>";
		};
		71786D1820183F1200613CD1 /* DiabetesMUTests */ = {
			isa = PBXGroup;
			children = (
				71786D1920183F1200613CD1 /* DiabetesMUTests.swift */,
				71786D1B20183F1200613CD1 /* Info.plist */,
			);
			path = DiabetesMUTests;
			sourceTree = "<group>";
		};
		71786D2320183F1200613CD1 /* DiabetesMUUITests */ = {
			isa = PBXGroup;
			children = (
				71786D2420183F1200613CD1 /* DiabetesMUUITests.swift */,
				71786D2620183F1200613CD1 /* Info.plist */,
			);
			path = DiabetesMUUITests;
			sourceTree = "<group>";
		};
		71790BC9201FB5A6009799FD /* controller */ = {
			isa = PBXGroup;
			children = (
				71790BE4201FBEBA009799FD /* SurveyTableViewController.swift */,
			);
			path = controller;
			sourceTree = "<group>";
		};
		71790BD3201FB8FF009799FD /* model */ = {
			isa = PBXGroup;
			children = (
				7158F5C220224E8B00834143 /* StepObj.swift */,
				7158F5C320224E8B00834143 /* SurveyObj.swift */,
			);
			path = model;
			sourceTree = "<group>";
		};
		71790BD7201FB9E9009799FD /* Products */ = {
			isa = PBXGroup;
			children = (
				71790BDD201FB9EA009799FD /* ResearchKit.framework */,
				71790BDF201FB9EA009799FD /* ResearchKitTests.xctest */,
			);
			name = Products;
			sourceTree = "<group>";
		};
		AF7F2F2C5F1585B217568872 /* Pods */ = {
			isa = PBXGroup;
			children = (
				4A0BFBEC01E86797D303298A /* Pods-DiabetesMU.debug.xcconfig */,
				158230F25EFBE6D8FC5124F8 /* Pods-DiabetesMU.release.xcconfig */,
				B33D1B30D941C2801607452A /* Pods-DiabetesMUTests.debug.xcconfig */,
				C8D8429A0CE5AB1BED5C6C6A /* Pods-DiabetesMUTests.release.xcconfig */,
				9AC2C2F35B9214DAF1358AD4 /* Pods-DiabetesMUUITests.debug.xcconfig */,
				7264D8B91350E84F2B91344E /* Pods-DiabetesMUUITests.release.xcconfig */,
			);
			name = Pods;
			sourceTree = "<group>";
		};
		F91C325877464FA4128267B0 /* Frameworks */ = {
			isa = PBXGroup;
			children = (
				92E0F5099A19760DAB4EC3A8 /* Pods_DiabetesMU.framework */,
				A783794E8A8723C4A482BCC1 /* Pods_DiabetesMUTests.framework */,
				4EF4BF111F58B067B63E07F7 /* Pods_DiabetesMUUITests.framework */,
			);
			name = Frameworks;
			sourceTree = "<group>";
		};
/* End PBXGroup section */

/* Begin PBXNativeTarget section */
		71786CFE20183F1200613CD1 /* DiabetesMU */ = {
			isa = PBXNativeTarget;
			buildConfigurationList = 71786D2920183F1200613CD1 /* Build configuration list for PBXNativeTarget "DiabetesMU" */;
			buildPhases = (
				CB375D3EC7BE03BB8128CB03 /* [CP] Check Pods Manifest.lock */,
				71786CFB20183F1200613CD1 /* Sources */,
				71786CFC20183F1200613CD1 /* Frameworks */,
				71786CFD20183F1200613CD1 /* Resources */,
				1EFB7963BD329839BFAD212C /* [CP] Embed Pods Frameworks */,
				5A4866E1B8CA33B866D452B3 /* [CP] Copy Pods Resources */,
				71790BB2201FB421009799FD /* Embed Frameworks */,
			);
			buildRules = (
			);
			dependencies = (
				71790BE3201FB9FB009799FD /* PBXTargetDependency */,
				7158F5BD2021A6DA00834143 /* PBXTargetDependency */,
			);
			name = DiabetesMU;
			productName = DiabetesMU;
			productReference = 71786CFF20183F1200613CD1 /* DiabetesMU.app */;
			productType = "com.apple.product-type.application";
		};
		71786D1420183F1200613CD1 /* DiabetesMUTests */ = {
			isa = PBXNativeTarget;
			buildConfigurationList = 71786D2C20183F1200613CD1 /* Build configuration list for PBXNativeTarget "DiabetesMUTests" */;
			buildPhases = (
				4F84F44B6FF936D35216257C /* [CP] Check Pods Manifest.lock */,
				71786D1120183F1200613CD1 /* Sources */,
				71786D1220183F1200613CD1 /* Frameworks */,
				71786D1320183F1200613CD1 /* Resources */,
				811ED718AF3DFE4872AC7ED0 /* [CP] Embed Pods Frameworks */,
				9F0DA4C10BD19373CD90C609 /* [CP] Copy Pods Resources */,
			);
			buildRules = (
			);
			dependencies = (
				71786D1720183F1200613CD1 /* PBXTargetDependency */,
			);
			name = DiabetesMUTests;
			productName = DiabetesMUTests;
			productReference = 71786D1520183F1200613CD1 /* DiabetesMUTests.xctest */;
			productType = "com.apple.product-type.bundle.unit-test";
		};
		71786D1F20183F1200613CD1 /* DiabetesMUUITests */ = {
			isa = PBXNativeTarget;
			buildConfigurationList = 71786D2F20183F1200613CD1 /* Build configuration list for PBXNativeTarget "DiabetesMUUITests" */;
			buildPhases = (
				59A137ED7204FD51AB2574A1 /* [CP] Check Pods Manifest.lock */,
				71786D1C20183F1200613CD1 /* Sources */,
				71786D1D20183F1200613CD1 /* Frameworks */,
				71786D1E20183F1200613CD1 /* Resources */,
				A0A6AE83565B3C38D1960E5B /* [CP] Embed Pods Frameworks */,
				18B83A35875A932FC35B729B /* [CP] Copy Pods Resources */,
			);
			buildRules = (
			);
			dependencies = (
				71786D2220183F1200613CD1 /* PBXTargetDependency */,
			);
			name = DiabetesMUUITests;
			productName = DiabetesMUUITests;
			productReference = 71786D2020183F1200613CD1 /* DiabetesMUUITests.xctest */;
			productType = "com.apple.product-type.bundle.ui-testing";
		};
/* End PBXNativeTarget section */

/* Begin PBXProject section */
		71786CF720183F1200613CD1 /* Project object */ = {
			isa = PBXProject;
			attributes = {
				LastSwiftUpdateCheck = 0920;
				LastUpgradeCheck = 0920;
				ORGANIZATIONNAME = "Yohanes Patrik Handrianto";
				TargetAttributes = {
					71786CFE20183F1200613CD1 = {
						CreatedOnToolsVersion = 9.2;
						ProvisioningStyle = Automatic;
					};
					71786D1420183F1200613CD1 = {
						CreatedOnToolsVersion = 9.2;
						ProvisioningStyle = Automatic;
						TestTargetID = 71786CFE20183F1200613CD1;
					};
					71786D1F20183F1200613CD1 = {
						CreatedOnToolsVersion = 9.2;
						ProvisioningStyle = Automatic;
						TestTargetID = 71786CFE20183F1200613CD1;
					};
				};
			};
			buildConfigurationList = 71786CFA20183F1200613CD1 /* Build configuration list for PBXProject "DiabetesMU" */;
			compatibilityVersion = "Xcode 8.0";
			developmentRegion = en;
			hasScannedForEncodings = 0;
			knownRegions = (
				en,
				Base,
			);
			mainGroup = 71786CF620183F1200613CD1;
			productRefGroup = 71786D0020183F1200613CD1 /* Products */;
			projectDirPath = "";
			projectReferences = (
				{
					ProductGroup = 713364FF201FD82D00C1B742 /* Products */;
					ProjectRef = 713364FE201FD82D00C1B742 /* Charts.xcodeproj */;
				},
				{
					ProductGroup = 71790BD7201FB9E9009799FD /* Products */;
					ProjectRef = 71790BD6201FB9E9009799FD /* ResearchKit.xcodeproj */;
				},
			);
			projectRoot = "";
			targets = (
				71786CFE20183F1200613CD1 /* DiabetesMU */,
				71786D1420183F1200613CD1 /* DiabetesMUTests */,
				71786D1F20183F1200613CD1 /* DiabetesMUUITests */,
			);
		};
/* End PBXProject section */

/* Begin PBXReferenceProxy section */
		71336504201FD82E00C1B742 /* Charts.framework */ = {
			isa = PBXReferenceProxy;
			fileType = wrapper.framework;
			path = Charts.framework;
			remoteRef = 71336503201FD82E00C1B742 /* PBXContainerItemProxy */;
			sourceTree = BUILT_PRODUCTS_DIR;
		};
		71336506201FD82E00C1B742 /* ChartsTests.xctest */ = {
			isa = PBXReferenceProxy;
			fileType = wrapper.cfbundle;
			path = ChartsTests.xctest;
			remoteRef = 71336505201FD82E00C1B742 /* PBXContainerItemProxy */;
			sourceTree = BUILT_PRODUCTS_DIR;
		};
		71790BDD201FB9EA009799FD /* ResearchKit.framework */ = {
			isa = PBXReferenceProxy;
			fileType = wrapper.framework;
			path = ResearchKit.framework;
			remoteRef = 71790BDC201FB9EA009799FD /* PBXContainerItemProxy */;
			sourceTree = BUILT_PRODUCTS_DIR;
		};
		71790BDF201FB9EA009799FD /* ResearchKitTests.xctest */ = {
			isa = PBXReferenceProxy;
			fileType = wrapper.cfbundle;
			path = ResearchKitTests.xctest;
			remoteRef = 71790BDE201FB9EA009799FD /* PBXContainerItemProxy */;
			sourceTree = BUILT_PRODUCTS_DIR;
		};
/* End PBXReferenceProxy section */

/* Begin PBXResourcesBuildPhase section */
		71786CFD20183F1200613CD1 /* Resources */ = {
			isa = PBXResourcesBuildPhase;
			buildActionMask = 2147483647;
			files = (
				71786D0F20183F1200613CD1 /* LaunchScreen.storyboard in Resources */,
				7158F5B42021A50000834143 /* GoogleService-Info.plist in Resources */,
				71786D0C20183F1200613CD1 /* Assets.xcassets in Resources */,
				71786D0A20183F1200613CD1 /* Main.storyboard in Resources */,
			);
			runOnlyForDeploymentPostprocessing = 0;
		};
		71786D1320183F1200613CD1 /* Resources */ = {
			isa = PBXResourcesBuildPhase;
			buildActionMask = 2147483647;
			files = (
			);
			runOnlyForDeploymentPostprocessing = 0;
		};
		71786D1E20183F1200613CD1 /* Resources */ = {
			isa = PBXResourcesBuildPhase;
			buildActionMask = 2147483647;
			files = (
			);
			runOnlyForDeploymentPostprocessing = 0;
		};
/* End PBXResourcesBuildPhase section */

/* Begin PBXShellScriptBuildPhase section */
		18B83A35875A932FC35B729B /* [CP] Copy Pods Resources */ = {
			isa = PBXShellScriptBuildPhase;
			buildActionMask = 2147483647;
			files = (
			);
			inputPaths = (
			);
			name = "[CP] Copy Pods Resources";
			outputPaths = (
			);
			runOnlyForDeploymentPostprocessing = 0;
			shellPath = /bin/sh;
			shellScript = "\"${SRCROOT}/Pods/Target Support Files/Pods-DiabetesMUUITests/Pods-DiabetesMUUITests-resources.sh\"\n";
			showEnvVarsInLog = 0;
		};
		1EFB7963BD329839BFAD212C /* [CP] Embed Pods Frameworks */ = {
			isa = PBXShellScriptBuildPhase;
			buildActionMask = 2147483647;
			files = (
			);
			inputPaths = (
				"${SRCROOT}/Pods/Target Support Files/Pods-DiabetesMU/Pods-DiabetesMU-frameworks.sh",
				"${BUILT_PRODUCTS_DIR}/GoogleToolboxForMac/GoogleToolboxForMac.framework",
				"${BUILT_PRODUCTS_DIR}/leveldb-library/leveldb.framework",
				"${BUILT_PRODUCTS_DIR}/nanopb/nanopb.framework",
			);
			name = "[CP] Embed Pods Frameworks";
			outputPaths = (
				"${TARGET_BUILD_DIR}/${FRAMEWORKS_FOLDER_PATH}/GoogleToolboxForMac.framework",
				"${TARGET_BUILD_DIR}/${FRAMEWORKS_FOLDER_PATH}/leveldb.framework",
				"${TARGET_BUILD_DIR}/${FRAMEWORKS_FOLDER_PATH}/nanopb.framework",
			);
			runOnlyForDeploymentPostprocessing = 0;
			shellPath = /bin/sh;
			shellScript = "\"${SRCROOT}/Pods/Target Support Files/Pods-DiabetesMU/Pods-DiabetesMU-frameworks.sh\"\n";
			showEnvVarsInLog = 0;
		};
		4F84F44B6FF936D35216257C /* [CP] Check Pods Manifest.lock */ = {
			isa = PBXShellScriptBuildPhase;
			buildActionMask = 2147483647;
			files = (
			);
			inputPaths = (
				"${PODS_PODFILE_DIR_PATH}/Podfile.lock",
				"${PODS_ROOT}/Manifest.lock",
			);
			name = "[CP] Check Pods Manifest.lock";
			outputPaths = (
				"$(DERIVED_FILE_DIR)/Pods-DiabetesMUTests-checkManifestLockResult.txt",
			);
			runOnlyForDeploymentPostprocessing = 0;
			shellPath = /bin/sh;
			shellScript = "diff \"${PODS_PODFILE_DIR_PATH}/Podfile.lock\" \"${PODS_ROOT}/Manifest.lock\" > /dev/null\nif [ $? != 0 ] ; then\n    # print error to STDERR\n    echo \"error: The sandbox is not in sync with the Podfile.lock. Run 'pod install' or update your CocoaPods installation.\" >&2\n    exit 1\nfi\n# This output is used by Xcode 'outputs' to avoid re-running this script phase.\necho \"SUCCESS\" > \"${SCRIPT_OUTPUT_FILE_0}\"\n";
			showEnvVarsInLog = 0;
		};
		59A137ED7204FD51AB2574A1 /* [CP] Check Pods Manifest.lock */ = {
			isa = PBXShellScriptBuildPhase;
			buildActionMask = 2147483647;
			files = (
			);
			inputPaths = (
				"${PODS_PODFILE_DIR_PATH}/Podfile.lock",
				"${PODS_ROOT}/Manifest.lock",
			);
			name = "[CP] Check Pods Manifest.lock";
			outputPaths = (
				"$(DERIVED_FILE_DIR)/Pods-DiabetesMUUITests-checkManifestLockResult.txt",
			);
			runOnlyForDeploymentPostprocessing = 0;
			shellPath = /bin/sh;
			shellScript = "diff \"${PODS_PODFILE_DIR_PATH}/Podfile.lock\" \"${PODS_ROOT}/Manifest.lock\" > /dev/null\nif [ $? != 0 ] ; then\n    # print error to STDERR\n    echo \"error: The sandbox is not in sync with the Podfile.lock. Run 'pod install' or update your CocoaPods installation.\" >&2\n    exit 1\nfi\n# This output is used by Xcode 'outputs' to avoid re-running this script phase.\necho \"SUCCESS\" > \"${SCRIPT_OUTPUT_FILE_0}\"\n";
			showEnvVarsInLog = 0;
		};
		5A4866E1B8CA33B866D452B3 /* [CP] Copy Pods Resources */ = {
			isa = PBXShellScriptBuildPhase;
			buildActionMask = 2147483647;
			files = (
			);
			inputPaths = (
			);
			name = "[CP] Copy Pods Resources";
			outputPaths = (
			);
			runOnlyForDeploymentPostprocessing = 0;
			shellPath = /bin/sh;
			shellScript = "\"${SRCROOT}/Pods/Target Support Files/Pods-DiabetesMU/Pods-DiabetesMU-resources.sh\"\n";
			showEnvVarsInLog = 0;
		};
		811ED718AF3DFE4872AC7ED0 /* [CP] Embed Pods Frameworks */ = {
			isa = PBXShellScriptBuildPhase;
			buildActionMask = 2147483647;
			files = (
			);
			inputPaths = (
			);
			name = "[CP] Embed Pods Frameworks";
			outputPaths = (
			);
			runOnlyForDeploymentPostprocessing = 0;
			shellPath = /bin/sh;
			shellScript = "\"${SRCROOT}/Pods/Target Support Files/Pods-DiabetesMUTests/Pods-DiabetesMUTests-frameworks.sh\"\n";
			showEnvVarsInLog = 0;
		};
		9F0DA4C10BD19373CD90C609 /* [CP] Copy Pods Resources */ = {
			isa = PBXShellScriptBuildPhase;
			buildActionMask = 2147483647;
			files = (
			);
			inputPaths = (
			);
			name = "[CP] Copy Pods Resources";
			outputPaths = (
			);
			runOnlyForDeploymentPostprocessing = 0;
			shellPath = /bin/sh;
			shellScript = "\"${SRCROOT}/Pods/Target Support Files/Pods-DiabetesMUTests/Pods-DiabetesMUTests-resources.sh\"\n";
			showEnvVarsInLog = 0;
		};
		A0A6AE83565B3C38D1960E5B /* [CP] Embed Pods Frameworks */ = {
			isa = PBXShellScriptBuildPhase;
			buildActionMask = 2147483647;
			files = (
			);
			inputPaths = (
			);
			name = "[CP] Embed Pods Frameworks";
			outputPaths = (
			);
			runOnlyForDeploymentPostprocessing = 0;
			shellPath = /bin/sh;
			shellScript = "\"${SRCROOT}/Pods/Target Support Files/Pods-DiabetesMUUITests/Pods-DiabetesMUUITests-frameworks.sh\"\n";
			showEnvVarsInLog = 0;
		};
		CB375D3EC7BE03BB8128CB03 /* [CP] Check Pods Manifest.lock */ = {
			isa = PBXShellScriptBuildPhase;
			buildActionMask = 2147483647;
			files = (
			);
			inputPaths = (
				"${PODS_PODFILE_DIR_PATH}/Podfile.lock",
				"${PODS_ROOT}/Manifest.lock",
			);
			name = "[CP] Check Pods Manifest.lock";
			outputPaths = (
				"$(DERIVED_FILE_DIR)/Pods-DiabetesMU-checkManifestLockResult.txt",
			);
			runOnlyForDeploymentPostprocessing = 0;
			shellPath = /bin/sh;
			shellScript = "diff \"${PODS_PODFILE_DIR_PATH}/Podfile.lock\" \"${PODS_ROOT}/Manifest.lock\" > /dev/null\nif [ $? != 0 ] ; then\n    # print error to STDERR\n    echo \"error: The sandbox is not in sync with the Podfile.lock. Run 'pod install' or update your CocoaPods installation.\" >&2\n    exit 1\nfi\n# This output is used by Xcode 'outputs' to avoid re-running this script phase.\necho \"SUCCESS\" > \"${SCRIPT_OUTPUT_FILE_0}\"\n";
			showEnvVarsInLog = 0;
		};
/* End PBXShellScriptBuildPhase section */

/* Begin PBXSourcesBuildPhase section */
		71786CFB20183F1200613CD1 /* Sources */ = {
			isa = PBXSourcesBuildPhase;
			buildActionMask = 2147483647;
			files = (
				71790BE9201FC73D009799FD /* ChartViewController.swift in Sources */,
				71786D0720183F1200613CD1 /* SettingsViewController.swift in Sources */,
				71786D0320183F1200613CD1 /* AppDelegate.swift in Sources */,
				7158F5C520224E8B00834143 /* SurveyObj.swift in Sources */,
				7158F5C1202236BC00834143 /* MoodViewController.swift in Sources */,
				71790B972018439A009799FD /* TableViewController.swift in Sources */,
				71790BE5201FBEBA009799FD /* SurveyTableViewController.swift in Sources */,
				7158F5C420224E8B00834143 /* StepObj.swift in Sources */,
			);
			runOnlyForDeploymentPostprocessing = 0;
		};
		71786D1120183F1200613CD1 /* Sources */ = {
			isa = PBXSourcesBuildPhase;
			buildActionMask = 2147483647;
			files = (
				71786D1A20183F1200613CD1 /* DiabetesMUTests.swift in Sources */,
			);
			runOnlyForDeploymentPostprocessing = 0;
		};
		71786D1C20183F1200613CD1 /* Sources */ = {
			isa = PBXSourcesBuildPhase;
			buildActionMask = 2147483647;
			files = (
				71786D2520183F1200613CD1 /* DiabetesMUUITests.swift in Sources */,
			);
			runOnlyForDeploymentPostprocessing = 0;
		};
/* End PBXSourcesBuildPhase section */

/* Begin PBXTargetDependency section */
		7158F5BD2021A6DA00834143 /* PBXTargetDependency */ = {
			isa = PBXTargetDependency;
			name = Charts;
			targetProxy = 7158F5BC2021A6DA00834143 /* PBXContainerItemProxy */;
		};
		71786D1720183F1200613CD1 /* PBXTargetDependency */ = {
			isa = PBXTargetDependency;
			target = 71786CFE20183F1200613CD1 /* DiabetesMU */;
			targetProxy = 71786D1620183F1200613CD1 /* PBXContainerItemProxy */;
		};
		71786D2220183F1200613CD1 /* PBXTargetDependency */ = {
			isa = PBXTargetDependency;
			target = 71786CFE20183F1200613CD1 /* DiabetesMU */;
			targetProxy = 71786D2120183F1200613CD1 /* PBXContainerItemProxy */;
		};
		71790BE3201FB9FB009799FD /* PBXTargetDependency */ = {
			isa = PBXTargetDependency;
			name = ResearchKit;
			targetProxy = 71790BE2201FB9FB009799FD /* PBXContainerItemProxy */;
		};
/* End PBXTargetDependency section */

/* Begin PBXVariantGroup section */
		71786D0820183F1200613CD1 /* Main.storyboard */ = {
			isa = PBXVariantGroup;
			children = (
				71786D0920183F1200613CD1 /* Base */,
			);
			name = Main.storyboard;
			sourceTree = "<group>";
		};
		71786D0D20183F1200613CD1 /* LaunchScreen.storyboard */ = {
			isa = PBXVariantGroup;
			children = (
				71786D0E20183F1200613CD1 /* Base */,
			);
			name = LaunchScreen.storyboard;
			sourceTree = "<group>";
		};
/* End PBXVariantGroup section */

/* Begin XCBuildConfiguration section */
		71786D2720183F1200613CD1 /* Debug */ = {
			isa = XCBuildConfiguration;
			buildSettings = {
				ALWAYS_SEARCH_USER_PATHS = NO;
				CLANG_ANALYZER_NONNULL = YES;
				CLANG_ANALYZER_NUMBER_OBJECT_CONVERSION = YES_AGGRESSIVE;
				CLANG_CXX_LANGUAGE_STANDARD = "gnu++14";
				CLANG_CXX_LIBRARY = "libc++";
				CLANG_ENABLE_MODULES = YES;
				CLANG_ENABLE_OBJC_ARC = YES;
				CLANG_WARN_BLOCK_CAPTURE_AUTORELEASING = YES;
				CLANG_WARN_BOOL_CONVERSION = YES;
				CLANG_WARN_COMMA = YES;
				CLANG_WARN_CONSTANT_CONVERSION = YES;
				CLANG_WARN_DIRECT_OBJC_ISA_USAGE = YES_ERROR;
				CLANG_WARN_DOCUMENTATION_COMMENTS = YES;
				CLANG_WARN_EMPTY_BODY = YES;
				CLANG_WARN_ENUM_CONVERSION = YES;
				CLANG_WARN_INFINITE_RECURSION = YES;
				CLANG_WARN_INT_CONVERSION = YES;
				CLANG_WARN_NON_LITERAL_NULL_CONVERSION = YES;
				CLANG_WARN_OBJC_LITERAL_CONVERSION = YES;
				CLANG_WARN_OBJC_ROOT_CLASS = YES_ERROR;
				CLANG_WARN_RANGE_LOOP_ANALYSIS = YES;
				CLANG_WARN_STRICT_PROTOTYPES = YES;
				CLANG_WARN_SUSPICIOUS_MOVE = YES;
				CLANG_WARN_UNGUARDED_AVAILABILITY = YES_AGGRESSIVE;
				CLANG_WARN_UNREACHABLE_CODE = YES;
				CLANG_WARN__DUPLICATE_METHOD_MATCH = YES;
				CODE_SIGN_IDENTITY = "iPhone Developer";
				COPY_PHASE_STRIP = NO;
				DEBUG_INFORMATION_FORMAT = dwarf;
				ENABLE_STRICT_OBJC_MSGSEND = YES;
				ENABLE_TESTABILITY = YES;
				GCC_C_LANGUAGE_STANDARD = gnu11;
				GCC_DYNAMIC_NO_PIC = NO;
				GCC_NO_COMMON_BLOCKS = YES;
				GCC_OPTIMIZATION_LEVEL = 0;
				GCC_PREPROCESSOR_DEFINITIONS = (
					"DEBUG=1",
					"$(inherited)",
				);
				GCC_WARN_64_TO_32_BIT_CONVERSION = YES;
				GCC_WARN_ABOUT_RETURN_TYPE = YES_ERROR;
				GCC_WARN_UNDECLARED_SELECTOR = YES;
				GCC_WARN_UNINITIALIZED_AUTOS = YES_AGGRESSIVE;
				GCC_WARN_UNUSED_FUNCTION = YES;
				GCC_WARN_UNUSED_VARIABLE = YES;
				IPHONEOS_DEPLOYMENT_TARGET = 11.2;
				MTL_ENABLE_DEBUG_INFO = YES;
				ONLY_ACTIVE_ARCH = YES;
				SDKROOT = iphoneos;
				SWIFT_ACTIVE_COMPILATION_CONDITIONS = DEBUG;
				SWIFT_OPTIMIZATION_LEVEL = "-Onone";
			};
			name = Debug;
		};
		71786D2820183F1200613CD1 /* Release */ = {
			isa = XCBuildConfiguration;
			buildSettings = {
				ALWAYS_SEARCH_USER_PATHS = NO;
				CLANG_ANALYZER_NONNULL = YES;
				CLANG_ANALYZER_NUMBER_OBJECT_CONVERSION = YES_AGGRESSIVE;
				CLANG_CXX_LANGUAGE_STANDARD = "gnu++14";
				CLANG_CXX_LIBRARY = "libc++";
				CLANG_ENABLE_MODULES = YES;
				CLANG_ENABLE_OBJC_ARC = YES;
				CLANG_WARN_BLOCK_CAPTURE_AUTORELEASING = YES;
				CLANG_WARN_BOOL_CONVERSION = YES;
				CLANG_WARN_COMMA = YES;
				CLANG_WARN_CONSTANT_CONVERSION = YES;
				CLANG_WARN_DIRECT_OBJC_ISA_USAGE = YES_ERROR;
				CLANG_WARN_DOCUMENTATION_COMMENTS = YES;
				CLANG_WARN_EMPTY_BODY = YES;
				CLANG_WARN_ENUM_CONVERSION = YES;
				CLANG_WARN_INFINITE_RECURSION = YES;
				CLANG_WARN_INT_CONVERSION = YES;
				CLANG_WARN_NON_LITERAL_NULL_CONVERSION = YES;
				CLANG_WARN_OBJC_LITERAL_CONVERSION = YES;
				CLANG_WARN_OBJC_ROOT_CLASS = YES_ERROR;
				CLANG_WARN_RANGE_LOOP_ANALYSIS = YES;
				CLANG_WARN_STRICT_PROTOTYPES = YES;
				CLANG_WARN_SUSPICIOUS_MOVE = YES;
				CLANG_WARN_UNGUARDED_AVAILABILITY = YES_AGGRESSIVE;
				CLANG_WARN_UNREACHABLE_CODE = YES;
				CLANG_WARN__DUPLICATE_METHOD_MATCH = YES;
				CODE_SIGN_IDENTITY = "iPhone Developer";
				COPY_PHASE_STRIP = NO;
				DEBUG_INFORMATION_FORMAT = "dwarf-with-dsym";
				ENABLE_NS_ASSERTIONS = NO;
				ENABLE_STRICT_OBJC_MSGSEND = YES;
				GCC_C_LANGUAGE_STANDARD = gnu11;
				GCC_NO_COMMON_BLOCKS = YES;
				GCC_WARN_64_TO_32_BIT_CONVERSION = YES;
				GCC_WARN_ABOUT_RETURN_TYPE = YES_ERROR;
				GCC_WARN_UNDECLARED_SELECTOR = YES;
				GCC_WARN_UNINITIALIZED_AUTOS = YES_AGGRESSIVE;
				GCC_WARN_UNUSED_FUNCTION = YES;
				GCC_WARN_UNUSED_VARIABLE = YES;
				IPHONEOS_DEPLOYMENT_TARGET = 11.2;
				MTL_ENABLE_DEBUG_INFO = NO;
				SDKROOT = iphoneos;
				SWIFT_OPTIMIZATION_LEVEL = "-Owholemodule";
				VALIDATE_PRODUCT = YES;
			};
			name = Release;
		};
		71786D2A20183F1200613CD1 /* Debug */ = {
			isa = XCBuildConfiguration;
			baseConfigurationReference = 4A0BFBEC01E86797D303298A /* Pods-DiabetesMU.debug.xcconfig */;
			buildSettings = {
				ALWAYS_EMBED_SWIFT_STANDARD_LIBRARIES = YES;
				ASSETCATALOG_COMPILER_APPICON_NAME = AppIcon;
				"CODE_SIGN_IDENTITY[sdk=iphoneos*]" = "iPhone Developer";
				CODE_SIGN_STYLE = Automatic;
				DEVELOPMENT_TEAM = WBA3EC5WYD;
				INFOPLIST_FILE = DiabetesMU/Info.plist;
				LD_RUNPATH_SEARCH_PATHS = "$(inherited) @executable_path/Frameworks";
				PRODUCT_BUNDLE_IDENTIFIER = com.DiabetesMU;
				PRODUCT_NAME = "$(TARGET_NAME)";
				PROVISIONING_PROFILE_SPECIFIER = "";
				SWIFT_VERSION = 4.0;
				TARGETED_DEVICE_FAMILY = "1,2";
			};
			name = Debug;
		};
		71786D2B20183F1200613CD1 /* Release */ = {
			isa = XCBuildConfiguration;
			baseConfigurationReference = 158230F25EFBE6D8FC5124F8 /* Pods-DiabetesMU.release.xcconfig */;
			buildSettings = {
				ALWAYS_EMBED_SWIFT_STANDARD_LIBRARIES = YES;
				ASSETCATALOG_COMPILER_APPICON_NAME = AppIcon;
				"CODE_SIGN_IDENTITY[sdk=iphoneos*]" = "iPhone Developer";
				CODE_SIGN_STYLE = Automatic;
				DEVELOPMENT_TEAM = WBA3EC5WYD;
				INFOPLIST_FILE = DiabetesMU/Info.plist;
				LD_RUNPATH_SEARCH_PATHS = "$(inherited) @executable_path/Frameworks";
				PRODUCT_BUNDLE_IDENTIFIER = com.DiabetesMU;
				PRODUCT_NAME = "$(TARGET_NAME)";
				PROVISIONING_PROFILE_SPECIFIER = "";
				SWIFT_VERSION = 4.0;
				TARGETED_DEVICE_FAMILY = "1,2";
			};
			name = Release;
		};
		71786D2D20183F1200613CD1 /* Debug */ = {
			isa = XCBuildConfiguration;
			baseConfigurationReference = B33D1B30D941C2801607452A /* Pods-DiabetesMUTests.debug.xcconfig */;
			buildSettings = {
				ALWAYS_EMBED_SWIFT_STANDARD_LIBRARIES = YES;
				BUNDLE_LOADER = "$(TEST_HOST)";
				CODE_SIGN_STYLE = Automatic;
				DEVELOPMENT_TEAM = WBA3EC5WYD;
				INFOPLIST_FILE = DiabetesMUTests/Info.plist;
				LD_RUNPATH_SEARCH_PATHS = "$(inherited) @executable_path/Frameworks @loader_path/Frameworks";
				PRODUCT_BUNDLE_IDENTIFIER = patrik.DiabetesMUTests;
				PRODUCT_NAME = "$(TARGET_NAME)";
				SWIFT_VERSION = 4.0;
				TARGETED_DEVICE_FAMILY = "1,2";
				TEST_HOST = "$(BUILT_PRODUCTS_DIR)/DiabetesMU.app/DiabetesMU";
			};
			name = Debug;
		};
		71786D2E20183F1200613CD1 /* Release */ = {
			isa = XCBuildConfiguration;
			baseConfigurationReference = C8D8429A0CE5AB1BED5C6C6A /* Pods-DiabetesMUTests.release.xcconfig */;
			buildSettings = {
				ALWAYS_EMBED_SWIFT_STANDARD_LIBRARIES = YES;
				BUNDLE_LOADER = "$(TEST_HOST)";
				CODE_SIGN_STYLE = Automatic;
				DEVELOPMENT_TEAM = WBA3EC5WYD;
				INFOPLIST_FILE = DiabetesMUTests/Info.plist;
				LD_RUNPATH_SEARCH_PATHS = "$(inherited) @executable_path/Frameworks @loader_path/Frameworks";
				PRODUCT_BUNDLE_IDENTIFIER = patrik.DiabetesMUTests;
				PRODUCT_NAME = "$(TARGET_NAME)";
				SWIFT_VERSION = 4.0;
				TARGETED_DEVICE_FAMILY = "1,2";
				TEST_HOST = "$(BUILT_PRODUCTS_DIR)/DiabetesMU.app/DiabetesMU";
			};
			name = Release;
		};
		71786D3020183F1200613CD1 /* Debug */ = {
			isa = XCBuildConfiguration;
			baseConfigurationReference = 9AC2C2F35B9214DAF1358AD4 /* Pods-DiabetesMUUITests.debug.xcconfig */;
			buildSettings = {
				ALWAYS_EMBED_SWIFT_STANDARD_LIBRARIES = YES;
				CODE_SIGN_STYLE = Automatic;
				DEVELOPMENT_TEAM = WBA3EC5WYD;
				INFOPLIST_FILE = DiabetesMUUITests/Info.plist;
				LD_RUNPATH_SEARCH_PATHS = "$(inherited) @executable_path/Frameworks @loader_path/Frameworks";
				PRODUCT_BUNDLE_IDENTIFIER = patrik.DiabetesMUUITests;
				PRODUCT_NAME = "$(TARGET_NAME)";
				SWIFT_VERSION = 4.0;
				TARGETED_DEVICE_FAMILY = "1,2";
				TEST_TARGET_NAME = DiabetesMU;
			};
			name = Debug;
		};
		71786D3120183F1200613CD1 /* Release */ = {
			isa = XCBuildConfiguration;
			baseConfigurationReference = 7264D8B91350E84F2B91344E /* Pods-DiabetesMUUITests.release.xcconfig */;
			buildSettings = {
				ALWAYS_EMBED_SWIFT_STANDARD_LIBRARIES = YES;
				CODE_SIGN_STYLE = Automatic;
				DEVELOPMENT_TEAM = WBA3EC5WYD;
				INFOPLIST_FILE = DiabetesMUUITests/Info.plist;
				LD_RUNPATH_SEARCH_PATHS = "$(inherited) @executable_path/Frameworks @loader_path/Frameworks";
				PRODUCT_BUNDLE_IDENTIFIER = patrik.DiabetesMUUITests;
				PRODUCT_NAME = "$(TARGET_NAME)";
				SWIFT_VERSION = 4.0;
				TARGETED_DEVICE_FAMILY = "1,2";
				TEST_TARGET_NAME = DiabetesMU;
			};
			name = Release;
		};
/* End XCBuildConfiguration section */

/* Begin XCConfigurationList section */
		71786CFA20183F1200613CD1 /* Build configuration list for PBXProject "DiabetesMU" */ = {
			isa = XCConfigurationList;
			buildConfigurations = (
				71786D2720183F1200613CD1 /* Debug */,
				71786D2820183F1200613CD1 /* Release */,
			);
			defaultConfigurationIsVisible = 0;
			defaultConfigurationName = Release;
		};
		71786D2920183F1200613CD1 /* Build configuration list for PBXNativeTarget "DiabetesMU" */ = {
			isa = XCConfigurationList;
			buildConfigurations = (
				71786D2A20183F1200613CD1 /* Debug */,
				71786D2B20183F1200613CD1 /* Release */,
			);
			defaultConfigurationIsVisible = 0;
			defaultConfigurationName = Release;
		};
		71786D2C20183F1200613CD1 /* Build configuration list for PBXNativeTarget "DiabetesMUTests" */ = {
			isa = XCConfigurationList;
			buildConfigurations = (
				71786D2D20183F1200613CD1 /* Debug */,
				71786D2E20183F1200613CD1 /* Release */,
			);
			defaultConfigurationIsVisible = 0;
			defaultConfigurationName = Release;
		};
		71786D2F20183F1200613CD1 /* Build configuration list for PBXNativeTarget "DiabetesMUUITests" */ = {
			isa = XCConfigurationList;
			buildConfigurations = (
				71786D3020183F1200613CD1 /* Debug */,
				71786D3120183F1200613CD1 /* Release */,
			);
			defaultConfigurationIsVisible = 0;
			defaultConfigurationName = Release;
		};
/* End XCConfigurationList section */
	};
	rootObject = 71786CF720183F1200613CD1 /* Project object */;
}
